
Microsoft Visual Studio Solution File, Format Version 12.00
# Visual Studio Version 17
VisualStudioVersion = 17.14.36511.14 d17.14
MinimumVisualStudioVersion = 10.0.40219.1
Project("{FAE04EC0-301F-11D3-BF4B-00C04F79EFBC}") = "09.22", "09.22.csproj", "{688FF46C-9725-4190-A2EC-B69183452A9B}"
EndProject
Global
	GlobalSection(SolutionConfigurationPlatforms) = preSolution
		Debug|Any CPU = Debug|Any CPU
		Release|Any CPU = Release|Any CPU
	EndGlobalSection
	GlobalSection(ProjectConfigurationPlatforms) = postSolution
		{688FF46C-9725-4190-A2EC-B69183452A9B}.Debug|Any CPU.ActiveCfg = Debug|Any CPU
		{688FF46C-9725-4190-A2EC-B69183452A9B}.Debug|Any CPU.Build.0 = Debug|Any CPU
		{688FF46C-9725-4190-A2EC-B69183452A9B}.Release|Any CPU.ActiveCfg = Release|Any CPU
		{688FF46C-9725-4190-A2EC-B69183452A9B}.Release|Any CPU.Build.0 = Release|Any CPU
	EndGlobalSection
	GlobalSection(SolutionProperties) = preSolution
		HideSolutionNode = FALSE
	EndGlobalSection
	GlobalSection(ExtensibilityGlobals) = postSolution
		SolutionGuid = {EF2BF5FA-0F52-473D-8E44-D2BD6D76BA16}
	EndGlobalSection
EndGlobal
