
Microsoft Visual Studio Solution File, Format Version 12.00
# Visual Studio Version 17
VisualStudioVersion = 17.14.36511.14 d17.14
MinimumVisualStudioVersion = 10.0.40219.1
Project("{FAE04EC0-301F-11D3-BF4B-00C04F79EFBC}") = "09.29.2", "09.29.2.csproj", "{06CFACD7-F0F5-4BFF-803A-132E2DEEFE43}"
EndProject
Global
	GlobalSection(SolutionConfigurationPlatforms) = preSolution
		Debug|Any CPU = Debug|Any CPU
		Release|Any CPU = Release|Any CPU
	EndGlobalSection
	GlobalSection(ProjectConfigurationPlatforms) = postSolution
		{06CFACD7-F0F5-4BFF-803A-132E2DEEFE43}.Debug|Any CPU.ActiveCfg = Debug|Any CPU
		{06CFACD7-F0F5-4BFF-803A-132E2DEEFE43}.Debug|Any CPU.Build.0 = Debug|Any CPU
		{06CFACD7-F0F5-4BFF-803A-132E2DEEFE43}.Release|Any CPU.ActiveCfg = Release|Any CPU
		{06CFACD7-F0F5-4BFF-803A-132E2DEEFE43}.Release|Any CPU.Build.0 = Release|Any CPU
	EndGlobalSection
	GlobalSection(SolutionProperties) = preSolution
		HideSolutionNode = FALSE
	EndGlobalSection
	GlobalSection(ExtensibilityGlobals) = postSolution
		SolutionGuid = {E4D6E0D0-B700-4E02-96CB-4D1B4DD6C3D2}
	EndGlobalSection
EndGlobal
